# This file is generated by running "yarn install" inside your project.
# Manual changes might be lost - proceed with caution!

__metadata:
  version: 8
  cacheKey: 10

"@eklingen/vinyl-stream-webpack@workspace:.":
  version: 0.0.0-use.local
  resolution: "@eklingen/vinyl-stream-webpack@workspace:."
  dependencies:
    vinyl: "npm:^3.0.0"
    webpack: "npm:^5.83.1"
  languageName: unknown
  linkType: soft

"@jridgewell/gen-mapping@npm:^0.3.0":
  version: 0.3.3
  resolution: "@jridgewell/gen-mapping@npm:0.3.3"
  dependencies:
    "@jridgewell/set-array": "npm:^1.0.1"
    "@jridgewell/sourcemap-codec": "npm:^1.4.10"
    "@jridgewell/trace-mapping": "npm:^0.3.9"
  checksum: 072ace159c39ab85944bdabe017c3de15c5e046a4a4a772045b00ff05e2ebdcfa3840b88ae27e897d473eb4d4845b37be3c78e28910c779f5aeeeae2fb7f0cc2
  languageName: node
  linkType: hard

"@jridgewell/resolve-uri@npm:3.1.0":
  version: 3.1.0
  resolution: "@jridgewell/resolve-uri@npm:3.1.0"
  checksum: 320ceb37af56953757b28e5b90c34556157676d41e3d0a3ff88769274d62373582bb0f0276a4f2d29c3f4fdd55b82b8be5731f52d391ad2ecae9b321ee1c742d
  languageName: node
  linkType: hard

"@jridgewell/set-array@npm:^1.0.1":
  version: 1.1.2
  resolution: "@jridgewell/set-array@npm:1.1.2"
  checksum: 69a84d5980385f396ff60a175f7177af0b8da4ddb81824cb7016a9ef914eee9806c72b6b65942003c63f7983d4f39a5c6c27185bbca88eb4690b62075602e28e
  languageName: node
  linkType: hard

"@jridgewell/source-map@npm:^0.3.2":
  version: 0.3.3
  resolution: "@jridgewell/source-map@npm:0.3.3"
  dependencies:
    "@jridgewell/gen-mapping": "npm:^0.3.0"
    "@jridgewell/trace-mapping": "npm:^0.3.9"
  checksum: 6346a931c7eacb509120324d1cf796767ee34421fbdfb7a81d7038d65b63948980b59b5353a322c073f85b42a5cb8f227276603d5cbd19050e0052d8b7e5c6f7
  languageName: node
  linkType: hard

"@jridgewell/sourcemap-codec@npm:1.4.14":
  version: 1.4.14
  resolution: "@jridgewell/sourcemap-codec@npm:1.4.14"
  checksum: 26e768fae6045481a983e48aa23d8fcd23af5da70ebd74b0649000e815e7fbb01ea2bc088c9176b3fffeb9bec02184e58f46125ef3320b30eaa1f4094cfefa38
  languageName: node
  linkType: hard

"@jridgewell/sourcemap-codec@npm:^1.4.10":
  version: 1.4.15
  resolution: "@jridgewell/sourcemap-codec@npm:1.4.15"
  checksum: 89960ac087781b961ad918978975bcdf2051cd1741880469783c42de64239703eab9db5230d776d8e6a09d73bb5e4cb964e07d93ee6e2e7aea5a7d726e865c09
  languageName: node
  linkType: hard

"@jridgewell/trace-mapping@npm:^0.3.17, @jridgewell/trace-mapping@npm:^0.3.9":
  version: 0.3.18
  resolution: "@jridgewell/trace-mapping@npm:0.3.18"
  dependencies:
    "@jridgewell/resolve-uri": "npm:3.1.0"
    "@jridgewell/sourcemap-codec": "npm:1.4.14"
  checksum: f4fabdddf82398a797bcdbb51c574cd69b383db041a6cae1a6a91478681d6aab340c01af655cfd8c6e01cde97f63436a1445f08297cdd33587621cf05ffa0d55
  languageName: node
  linkType: hard

"@types/eslint-scope@npm:^3.7.3":
  version: 3.7.3
  resolution: "@types/eslint-scope@npm:3.7.3"
  dependencies:
    "@types/eslint": "npm:*"
    "@types/estree": "npm:*"
  checksum: 6772b05e1b92003d1f295e81bc847a61f4fbe8ddab77ffa49e84ed3f9552513bdde677eb53ef167753901282857dd1d604d9f82eddb34a233495932b2dc3dc17
  languageName: node
  linkType: hard

"@types/eslint@npm:*":
  version: 7.28.0
  resolution: "@types/eslint@npm:7.28.0"
  dependencies:
    "@types/estree": "npm:*"
    "@types/json-schema": "npm:*"
  checksum: fa8207fbd1205db15ece8933bb4012ed03443aba77adc46b838c1b042655e1001b137708c91bb2451b2d313941f22960a9e8729b9958adc70857b656d24350bb
  languageName: node
  linkType: hard

"@types/estree@npm:*":
  version: 0.0.50
  resolution: "@types/estree@npm:0.0.50"
  checksum: 188e022eec2da0e1bcf5f569314d1fd16fc28fb3758fed9843b9581ba131b78443b08d6e9ea9daed36c04e493234f47e98cdef8f081c9e9eb0845b2d80f5f8da
  languageName: node
  linkType: hard

"@types/estree@npm:^1.0.0":
  version: 1.0.1
  resolution: "@types/estree@npm:1.0.1"
  checksum: f252569c002506c61ad913e778aa69415908078c46c78c901ccad77bc66cd34f1e1b9babefb8ff0d27c07a15fb0824755edd7bb3fa7ea828f32ae0fe5faa9962
  languageName: node
  linkType: hard

"@types/json-schema@npm:*, @types/json-schema@npm:^7.0.8":
  version: 7.0.9
  resolution: "@types/json-schema@npm:7.0.9"
  checksum: 7ceb41e396240aa69ae15c02ffbb6548ea2bb2f845a7378c711c7c908a9a8438a0330f3135f1ccb6e82e334b9e2ec5b94fb57a1435f2b15362d38e9d5109e5ea
  languageName: node
  linkType: hard

"@types/node@npm:*":
  version: 16.9.6
  resolution: "@types/node@npm:16.9.6"
  checksum: 959d228693c8386d1212a4a687bcc21d865b7c0d3ef0b52511e504e39f2ef4670dcf497b40993d413a5c0438fb2f9508b2ce1436f1187c222e3c4bcd11494124
  languageName: node
  linkType: hard

"@webassemblyjs/ast@npm:1.11.6, @webassemblyjs/ast@npm:^1.11.5":
  version: 1.11.6
  resolution: "@webassemblyjs/ast@npm:1.11.6"
  dependencies:
    "@webassemblyjs/helper-numbers": "npm:1.11.6"
    "@webassemblyjs/helper-wasm-bytecode": "npm:1.11.6"
  checksum: 4c1303971ccd5188731c9b01073d9738333f37b946a48c4e049f7b788706cdc66f473cd6f3e791423a94c52a3b2230d070007930d29bccbce238b23835839f3c
  languageName: node
  linkType: hard

"@webassemblyjs/floating-point-hex-parser@npm:1.11.6":
  version: 1.11.6
  resolution: "@webassemblyjs/floating-point-hex-parser@npm:1.11.6"
  checksum: 29b08758841fd8b299c7152eda36b9eb4921e9c584eb4594437b5cd90ed6b920523606eae7316175f89c20628da14326801090167cc7fbffc77af448ac84b7e2
  languageName: node
  linkType: hard

"@webassemblyjs/helper-api-error@npm:1.11.6":
  version: 1.11.6
  resolution: "@webassemblyjs/helper-api-error@npm:1.11.6"
  checksum: e8563df85161096343008f9161adb138a6e8f3c2cc338d6a36011aa55eabb32f2fd138ffe63bc278d009ada001cc41d263dadd1c0be01be6c2ed99076103689f
  languageName: node
  linkType: hard

"@webassemblyjs/helper-buffer@npm:1.11.6":
  version: 1.11.6
  resolution: "@webassemblyjs/helper-buffer@npm:1.11.6"
  checksum: b14d0573bf680d22b2522e8a341ec451fddd645d1f9c6bd9012ccb7e587a2973b86ab7b89fe91e1c79939ba96095f503af04369a3b356c8023c13a5893221644
  languageName: node
  linkType: hard

"@webassemblyjs/helper-numbers@npm:1.11.6":
  version: 1.11.6
  resolution: "@webassemblyjs/helper-numbers@npm:1.11.6"
  dependencies:
    "@webassemblyjs/floating-point-hex-parser": "npm:1.11.6"
    "@webassemblyjs/helper-api-error": "npm:1.11.6"
    "@xtuc/long": "npm:4.2.2"
  checksum: 9ffd258ad809402688a490fdef1fd02222f20cdfe191c895ac215a331343292164e5033dbc0347f0f76f2447865c0b5c2d2e3304ee948d44f7aa27857028fd08
  languageName: node
  linkType: hard

"@webassemblyjs/helper-wasm-bytecode@npm:1.11.6":
  version: 1.11.6
  resolution: "@webassemblyjs/helper-wasm-bytecode@npm:1.11.6"
  checksum: 4ebf03e9c1941288c10e94e0f813f413f972bfaa1f09be2cc2e5577f300430906b61aa24d52f5ef2f894e8e24e61c6f7c39871d7e3d98bc69460e1b8e00bb20b
  languageName: node
  linkType: hard

"@webassemblyjs/helper-wasm-section@npm:1.11.6":
  version: 1.11.6
  resolution: "@webassemblyjs/helper-wasm-section@npm:1.11.6"
  dependencies:
    "@webassemblyjs/ast": "npm:1.11.6"
    "@webassemblyjs/helper-buffer": "npm:1.11.6"
    "@webassemblyjs/helper-wasm-bytecode": "npm:1.11.6"
    "@webassemblyjs/wasm-gen": "npm:1.11.6"
  checksum: 38a615ab3d55f953daaf78b69f145e2cc1ff5288ab71715d1a164408b735c643a87acd7e7ba3e9633c5dd965439a45bb580266b05a06b22ff678d6c013514108
  languageName: node
  linkType: hard

"@webassemblyjs/ieee754@npm:1.11.6":
  version: 1.11.6
  resolution: "@webassemblyjs/ieee754@npm:1.11.6"
  dependencies:
    "@xtuc/ieee754": "npm:^1.2.0"
  checksum: 13574b8e41f6ca39b700e292d7edf102577db5650fe8add7066a320aa4b7a7c09a5056feccac7a74eb68c10dea9546d4461412af351f13f6b24b5f32379b49de
  languageName: node
  linkType: hard

"@webassemblyjs/leb128@npm:1.11.6":
  version: 1.11.6
  resolution: "@webassemblyjs/leb128@npm:1.11.6"
  dependencies:
    "@xtuc/long": "npm:4.2.2"
  checksum: ec3b72db0e7ce7908fe08ec24395bfc97db486063824c0edc580f0973a4cfbadf30529569d9c7db663a56513e45b94299cca03be9e1992ea3308bb0744164f3d
  languageName: node
  linkType: hard

"@webassemblyjs/utf8@npm:1.11.6":
  version: 1.11.6
  resolution: "@webassemblyjs/utf8@npm:1.11.6"
  checksum: 361a537bd604101b320a5604c3c96d1038d83166f1b9fb86cedadc7e81bae54c3785ae5d90bf5b1842f7da08194ccaf0f44a64fcca0cbbd6afe1a166196986d6
  languageName: node
  linkType: hard

"@webassemblyjs/wasm-edit@npm:^1.11.5":
  version: 1.11.6
  resolution: "@webassemblyjs/wasm-edit@npm:1.11.6"
  dependencies:
    "@webassemblyjs/ast": "npm:1.11.6"
    "@webassemblyjs/helper-buffer": "npm:1.11.6"
    "@webassemblyjs/helper-wasm-bytecode": "npm:1.11.6"
    "@webassemblyjs/helper-wasm-section": "npm:1.11.6"
    "@webassemblyjs/wasm-gen": "npm:1.11.6"
    "@webassemblyjs/wasm-opt": "npm:1.11.6"
    "@webassemblyjs/wasm-parser": "npm:1.11.6"
    "@webassemblyjs/wast-printer": "npm:1.11.6"
  checksum: c168bfc6d0cdd371345f36f95a4766d098a96ccc1257e6a6e3a74d987a5c4f2ddd2244a6aecfa5d032a47d74ed2c3b579e00a314d31e4a0b76ad35b31cdfa162
  languageName: node
  linkType: hard

"@webassemblyjs/wasm-gen@npm:1.11.6":
  version: 1.11.6
  resolution: "@webassemblyjs/wasm-gen@npm:1.11.6"
  dependencies:
    "@webassemblyjs/ast": "npm:1.11.6"
    "@webassemblyjs/helper-wasm-bytecode": "npm:1.11.6"
    "@webassemblyjs/ieee754": "npm:1.11.6"
    "@webassemblyjs/leb128": "npm:1.11.6"
    "@webassemblyjs/utf8": "npm:1.11.6"
  checksum: f91903506ce50763592863df5d80ffee80f71a1994a882a64cdb83b5e44002c715f1ef1727d8ccb0692d066af34d3d4f5e59e8f7a4e2eeb2b7c32692ac44e363
  languageName: node
  linkType: hard

"@webassemblyjs/wasm-opt@npm:1.11.6":
  version: 1.11.6
  resolution: "@webassemblyjs/wasm-opt@npm:1.11.6"
  dependencies:
    "@webassemblyjs/ast": "npm:1.11.6"
    "@webassemblyjs/helper-buffer": "npm:1.11.6"
    "@webassemblyjs/wasm-gen": "npm:1.11.6"
    "@webassemblyjs/wasm-parser": "npm:1.11.6"
  checksum: e0cfeea381ecbbd0ca1616e9a08974acfe7fc81f8a16f9f2d39f565dc51784dd7043710b6e972f9968692d273e32486b9a8a82ca178d4bd520b2d5e2cf28234d
  languageName: node
  linkType: hard

"@webassemblyjs/wasm-parser@npm:1.11.6, @webassemblyjs/wasm-parser@npm:^1.11.5":
  version: 1.11.6
  resolution: "@webassemblyjs/wasm-parser@npm:1.11.6"
  dependencies:
    "@webassemblyjs/ast": "npm:1.11.6"
    "@webassemblyjs/helper-api-error": "npm:1.11.6"
    "@webassemblyjs/helper-wasm-bytecode": "npm:1.11.6"
    "@webassemblyjs/ieee754": "npm:1.11.6"
    "@webassemblyjs/leb128": "npm:1.11.6"
    "@webassemblyjs/utf8": "npm:1.11.6"
  checksum: 6995e0b7b8ebc52b381459c6a555f87763dcd3975c4a112407682551e1c73308db7af23385972a253dceb5af94e76f9c97cb861e8239b5ed1c3e79b95d8e2097
  languageName: node
  linkType: hard

"@webassemblyjs/wast-printer@npm:1.11.6":
  version: 1.11.6
  resolution: "@webassemblyjs/wast-printer@npm:1.11.6"
  dependencies:
    "@webassemblyjs/ast": "npm:1.11.6"
    "@xtuc/long": "npm:4.2.2"
  checksum: fd45fd0d693141d678cc2f6ff2d3a0d7a8884acb1c92fb0c63cf43b7978e9560be04118b12792638a39dd185640453510229e736f3049037d0c361f6435f2d5f
  languageName: node
  linkType: hard

"@xtuc/ieee754@npm:^1.2.0":
  version: 1.2.0
  resolution: "@xtuc/ieee754@npm:1.2.0"
  checksum: ab033b032927d77e2f9fa67accdf31b1ca7440974c21c9cfabc8349e10ca2817646171c4f23be98d0e31896d6c2c3462a074fe37752e523abc3e45c79254259c
  languageName: node
  linkType: hard

"@xtuc/long@npm:4.2.2":
  version: 4.2.2
  resolution: "@xtuc/long@npm:4.2.2"
  checksum: 7217bae9fe240e0d804969e7b2af11cb04ec608837c78b56ca88831991b287e232a0b7fce8d548beaff42aaf0197ffa471d81be6ac4c4e53b0148025a2c076ec
  languageName: node
  linkType: hard

"acorn-import-assertions@npm:^1.9.0":
  version: 1.9.0
  resolution: "acorn-import-assertions@npm:1.9.0"
  peerDependencies:
    acorn: ^8
  checksum: af8dd58f6b0c6a43e85849744534b99f2133835c6fcdabda9eea27d0a0da625a0d323c4793ba7cb25cf4507609d0f747c210ccc2fc9b5866de04b0e59c9c5617
  languageName: node
  linkType: hard

"acorn@npm:^8.5.0":
  version: 8.8.2
  resolution: "acorn@npm:8.8.2"
  bin:
    acorn: bin/acorn
  checksum: b4e77d56d24d3e11a45d9ac8ae661b4e14a4af04ae33edbf1e6bf910887e5bb352cc60e9ea06a0944880e6b658f58c095d3b54e88e1921cb9319608b51085dd7
  languageName: node
  linkType: hard

"acorn@npm:^8.7.1":
  version: 8.7.1
  resolution: "acorn@npm:8.7.1"
  bin:
    acorn: bin/acorn
  checksum: 60a550c0c1173379a4ed29abd76f8a7f80adccdb8862afc8ce217fd006b7f47e8a035a72f518fcc0ef386334f0f91b6c8140cc51fd51137b8ecedf43663acf9a
  languageName: node
  linkType: hard

"ajv-keywords@npm:^3.5.2":
  version: 3.5.2
  resolution: "ajv-keywords@npm:3.5.2"
  peerDependencies:
    ajv: ^6.9.1
  checksum: d57c9d5bf8849bddcbd801b79bc3d2ddc736c2adb6b93a6a365429589dd7993ddbd5d37c6025ed6a7f89c27506b80131d5345c5b1fa6a97e40cd10a96bcd228c
  languageName: node
  linkType: hard

"ajv@npm:^6.12.5":
  version: 6.12.6
  resolution: "ajv@npm:6.12.6"
  dependencies:
    fast-deep-equal: "npm:^3.1.1"
    fast-json-stable-stringify: "npm:^2.0.0"
    json-schema-traverse: "npm:^0.4.1"
    uri-js: "npm:^4.2.2"
  checksum: 48d6ad21138d12eb4d16d878d630079a2bda25a04e745c07846a4ad768319533031e28872a9b3c5790fa1ec41aabdf2abed30a56e5a03ebc2cf92184b8ee306c
  languageName: node
  linkType: hard

"browserslist@npm:^4.14.5":
  version: 4.17.1
  resolution: "browserslist@npm:4.17.1"
  dependencies:
    caniuse-lite: "npm:^1.0.30001259"
    electron-to-chromium: "npm:^1.3.846"
    escalade: "npm:^3.1.1"
    nanocolors: "npm:^0.1.5"
    node-releases: "npm:^1.1.76"
  bin:
    browserslist: cli.js
  checksum: f6b91ec85ccf053b21136cfc41d099eeefd71f5cbf967ad771a977ffc375b63c877f608f4ee52da7f67850f478aaca75159d5bbe66846c7b5b10bb85467f312e
  languageName: node
  linkType: hard

"buffer-from@npm:^1.0.0":
  version: 1.1.2
  resolution: "buffer-from@npm:1.1.2"
  checksum: 0448524a562b37d4d7ed9efd91685a5b77a50672c556ea254ac9a6d30e3403a517d8981f10e565db24e8339413b43c97ca2951f10e399c6125a0d8911f5679bb
  languageName: node
  linkType: hard

"caniuse-lite@npm:^1.0.30001259":
  version: 1.0.30001260
  resolution: "caniuse-lite@npm:1.0.30001260"
  dependencies:
    nanocolors: "npm:^0.1.0"
  checksum: 12ea0993ba655f06617ca626ae7963c84c352567000e6f3448b5047993663d10d2e51015ca6fa07243e8cf81d860761de4a2ddcd5bfc2735cfba22cda2f2dd22
  languageName: node
  linkType: hard

"chrome-trace-event@npm:^1.0.2":
  version: 1.0.3
  resolution: "chrome-trace-event@npm:1.0.3"
  checksum: b5fbdae5bf00c96fa3213de919f2b2617a942bfcb891cdf735fbad2a6f4f3c25d42e3f2b1703328619d352c718b46b9e18999fd3af7ef86c26c91db6fae1f0da
  languageName: node
  linkType: hard

"clone-stats@npm:^1.0.0":
  version: 1.0.0
  resolution: "clone-stats@npm:1.0.0"
  checksum: 654c0425afc5c5c55a4d95b2e0c6eccdd55b5247e7a1e7cca9000b13688b96b0a157950c72c5307f9fd61f17333ad796d3cd654778f2d605438012391cc4ada5
  languageName: node
  linkType: hard

"clone@npm:^2.1.2":
  version: 2.1.2
  resolution: "clone@npm:2.1.2"
  checksum: d9c79efba655f0bf601ab299c57eb54cbaa9860fb011aee9d89ed5ac0d12df1660ab7642fddaabb9a26b7eff0e117d4520512cb70798319ff5d30a111b5310c2
  languageName: node
  linkType: hard

"commander@npm:^2.20.0":
  version: 2.20.3
  resolution: "commander@npm:2.20.3"
  checksum: 90c5b6898610cd075984c58c4f88418a4fb44af08c1b1415e9854c03171bec31b336b7f3e4cefe33de994b3f12b03c5e2d638da4316df83593b9e82554e7e95b
  languageName: node
  linkType: hard

"electron-to-chromium@npm:^1.3.846":
  version: 1.3.849
  resolution: "electron-to-chromium@npm:1.3.849"
  checksum: 14dabbc8a1bc96395bacb94bb96fd158a656b17c9d934e8aa7c20476ae66d2331e5c6291560b90eb36fa9430a5c8d86c761df12609c9452c84d20efac5882793
  languageName: node
  linkType: hard

"enhanced-resolve@npm:^5.15.0":
  version: 5.15.0
  resolution: "enhanced-resolve@npm:5.15.0"
  dependencies:
    graceful-fs: "npm:^4.2.4"
    tapable: "npm:^2.2.0"
  checksum: 180c3f2706f9117bf4dc7982e1df811dad83a8db075723f299245ef4488e0cad7e96859c5f0e410682d28a4ecd4da021ec7d06265f7e4eb6eed30c69ca5f7d3e
  languageName: node
  linkType: hard

"es-module-lexer@npm:^1.2.1":
  version: 1.2.1
  resolution: "es-module-lexer@npm:1.2.1"
  checksum: 4bb92673b94b46e8d2e23ff275696842c83cdabd19eaa84bab60ce37ee036051dedb158746f6d88a58b9d430f881a717c23434e2c8f05d1ba2c69d68e4f05ab4
  languageName: node
  linkType: hard

"escalade@npm:^3.1.1":
  version: 3.1.1
  resolution: "escalade@npm:3.1.1"
  checksum: afa618e73362576b63f6ca83c975456621095a1ed42ff068174e3f5cea48afc422814dda548c96e6ebb5333e7265140c7292abcc81bbd6ccb1757d50d3a4e182
  languageName: node
  linkType: hard

"eslint-scope@npm:5.1.1":
  version: 5.1.1
  resolution: "eslint-scope@npm:5.1.1"
  dependencies:
    esrecurse: "npm:^4.3.0"
    estraverse: "npm:^4.1.1"
  checksum: c541ef384c92eb5c999b7d3443d80195fcafb3da335500946f6db76539b87d5826c8f2e1d23bf6afc3154ba8cd7c8e566f8dc00f1eea25fdf3afc8fb9c87b238
  languageName: node
  linkType: hard

"esrecurse@npm:^4.3.0":
  version: 4.3.0
  resolution: "esrecurse@npm:4.3.0"
  dependencies:
    estraverse: "npm:^5.2.0"
  checksum: 44ffcd89e714ea6b30143e7f119b104fc4d75e77ee913f34d59076b40ef2d21967f84e019f84e1fd0465b42cdbf725db449f232b5e47f29df29ed76194db8e16
  languageName: node
  linkType: hard

"estraverse@npm:^4.1.1":
  version: 4.3.0
  resolution: "estraverse@npm:4.3.0"
  checksum: 3f67ad02b6dbfaddd9ea459cf2b6ef4ecff9a6082a7af9d22e445b9abc082ad9ca47e1825557b293fcdae477f4714e561123e30bb6a5b2f184fb2bad4a9497eb
  languageName: node
  linkType: hard

"estraverse@npm:^5.2.0":
  version: 5.2.0
  resolution: "estraverse@npm:5.2.0"
  checksum: 9740a8fa4257682c1d6c14a0befc884af31e76013a97c647aed21aeb1766270e153e34cc06ab8d354a377bb6ed6b785b1f5deb1228ceb7e3792bf88fb79b2ce8
  languageName: node
  linkType: hard

"events@npm:^3.2.0":
  version: 3.3.0
  resolution: "events@npm:3.3.0"
  checksum: a3d47e285e28d324d7180f1e493961a2bbb4cad6412090e4dec114f4db1f5b560c7696ee8e758f55e23913ede856e3689cd3aa9ae13c56b5d8314cd3b3ddd1be
  languageName: node
  linkType: hard

"fast-deep-equal@npm:^3.1.1":
  version: 3.1.3
  resolution: "fast-deep-equal@npm:3.1.3"
  checksum: e21a9d8d84f53493b6aa15efc9cfd53dd5b714a1f23f67fb5dc8f574af80df889b3bce25dc081887c6d25457cce704e636395333abad896ccdec03abaf1f3f9d
  languageName: node
  linkType: hard

"fast-fifo@npm:^1.1.0":
  version: 1.2.0
  resolution: "fast-fifo@npm:1.2.0"
  checksum: 6a65f9ee015ae6aa96d590f02d755253329323afa2712a87fa945210a298d14763262a86a0872905bce639f54f99f149fb6a95c88153742928ddec10b9c852f6
  languageName: node
  linkType: hard

"fast-json-stable-stringify@npm:^2.0.0":
  version: 2.1.0
  resolution: "fast-json-stable-stringify@npm:2.1.0"
  checksum: 2c20055c1fa43c922428f16ca8bb29f2807de63e5c851f665f7ac9790176c01c3b40335257736b299764a8d383388dabc73c8083b8e1bc3d99f0a941444ec60e
  languageName: node
  linkType: hard

"glob-to-regexp@npm:^0.4.1":
  version: 0.4.1
  resolution: "glob-to-regexp@npm:0.4.1"
  checksum: 9009529195a955c40d7b9690794aeff5ba665cc38f1519e111c58bb54366fd0c106bde80acf97ba4e533208eb53422c83b136611a54c5fefb1edd8dc267cb62e
  languageName: node
  linkType: hard

"graceful-fs@npm:^4.1.2, graceful-fs@npm:^4.2.4":
  version: 4.2.8
  resolution: "graceful-fs@npm:4.2.8"
  checksum: c29f627822914bc43357a55b6e6cdab3366ae5fee180c8b6a5325264d60ccc63e3490837d92de727fbd3b6497259721960c57967c6fc6e138b12b87633a18427
  languageName: node
  linkType: hard

"graceful-fs@npm:^4.2.9":
  version: 4.2.10
  resolution: "graceful-fs@npm:4.2.10"
  checksum: 0c83c52b62c68a944dcfb9d66b0f9f10f7d6e3d081e8067b9bfdc9e5f3a8896584d576036f82915773189eec1eba599397fc620e75c03c0610fb3d67c6713c1a
  languageName: node
  linkType: hard

"has-flag@npm:^4.0.0":
  version: 4.0.0
  resolution: "has-flag@npm:4.0.0"
  checksum: 261a1357037ead75e338156b1f9452c016a37dcd3283a972a30d9e4a87441ba372c8b81f818cd0fbcd9c0354b4ae7e18b9e1afa1971164aef6d18c2b6095a8ad
  languageName: node
  linkType: hard

"jest-worker@npm:^27.4.5":
  version: 27.5.1
  resolution: "jest-worker@npm:27.5.1"
  dependencies:
    "@types/node": "npm:*"
    merge-stream: "npm:^2.0.0"
    supports-color: "npm:^8.0.0"
  checksum: 06c6e2a84591d9ede704d5022fc13791e8876e83397c89d481b0063332abbb64c0f01ef4ca7de520b35c7a1058556078d6bdc3631376f4e9ffb42316c1a8488e
  languageName: node
  linkType: hard

"json-parse-even-better-errors@npm:^2.3.1":
  version: 2.3.1
  resolution: "json-parse-even-better-errors@npm:2.3.1"
  checksum: 5f3a99009ed5f2a5a67d06e2f298cc97bc86d462034173308156f15b43a6e850be8511dc204b9b94566305da2947f7d90289657237d210351a39059ff9d666cf
  languageName: node
  linkType: hard

"json-schema-traverse@npm:^0.4.1":
  version: 0.4.1
  resolution: "json-schema-traverse@npm:0.4.1"
  checksum: 7486074d3ba247769fda17d5181b345c9fb7d12e0da98b22d1d71a5db9698d8b4bd900a3ec1a4ffdd60846fc2556274a5c894d0c48795f14cb03aeae7b55260b
  languageName: node
  linkType: hard

"loader-runner@npm:^4.2.0":
  version: 4.2.0
  resolution: "loader-runner@npm:4.2.0"
  checksum: 89a648e0418f23edf2f310bf74a8adb0710548e8d8d47040def081e1b822bdc27b664b796ce43ceb7921fa56485e1f5046417e425714730dc6ea4242e7a176fa
  languageName: node
  linkType: hard

"merge-stream@npm:^2.0.0":
  version: 2.0.0
  resolution: "merge-stream@npm:2.0.0"
  checksum: 6fa4dcc8d86629705cea944a4b88ef4cb0e07656ebf223fa287443256414283dd25d91c1cd84c77987f2aec5927af1a9db6085757cb43d90eb170ebf4b47f4f4
  languageName: node
  linkType: hard

"mime-db@npm:1.49.0":
  version: 1.49.0
  resolution: "mime-db@npm:1.49.0"
  checksum: 9c0be08f98b070aa4154ed63330014ee967ce4622c982a380fa252b60222dd23be75e687808c450424654da065a7b0d6fb48b798a66004af0af7eda33c13e206
  languageName: node
  linkType: hard

"mime-types@npm:^2.1.27":
  version: 2.1.32
  resolution: "mime-types@npm:2.1.32"
  dependencies:
    mime-db: "npm:1.49.0"
  checksum: 8a1ff54cfd0918ca44f9291b95b5c8629d6885441498ac36206ada460cd4337d8dd518c28b2e05ebf53d9948f6f3cbcc81df8b4699b7d9c52e0163f1e5b537e4
  languageName: node
  linkType: hard

"nanocolors@npm:^0.1.0, nanocolors@npm:^0.1.5":
  version: 0.1.12
  resolution: "nanocolors@npm:0.1.12"
  checksum: 2ce58f57006ddd1d2680d05fe21f54d858db8ba81bd13381598ddc546f7637e33c4407da2ea7da40ea1c96794250e7c14a4d00358b48eeae4d917d6a92bafe4c
  languageName: node
  linkType: hard

"neo-async@npm:^2.6.2":
  version: 2.6.2
  resolution: "neo-async@npm:2.6.2"
  checksum: 1a7948fea86f2b33ec766bc899c88796a51ba76a4afc9026764aedc6e7cde692a09067031e4a1bf6db4f978ccd99e7f5b6c03fe47ad9865c3d4f99050d67e002
  languageName: node
  linkType: hard

"node-releases@npm:^1.1.76":
  version: 1.1.76
  resolution: "node-releases@npm:1.1.76"
  checksum: 56d7815e4d7921ff759ae33603e6168aa0e5b1424ba3ecce5d800961f7413133f14b769be770eee7089e99dbc5b7119aed23de4768e6721b71e71a29d3031a2b
  languageName: node
  linkType: hard

"punycode@npm:^2.1.0":
  version: 2.1.1
  resolution: "punycode@npm:2.1.1"
  checksum: 939daa010c2cacebdb060c40ecb52fef0a739324a66f7fffe0f94353a1ee83e3b455e9032054c4a0c4977b0a28e27086f2171c392832b59a01bd948fd8e20914
  languageName: node
  linkType: hard

"queue-tick@npm:^1.0.1":
  version: 1.0.1
  resolution: "queue-tick@npm:1.0.1"
  checksum: f447926c513b64a857906f017a3b350f7d11277e3c8d2a21a42b7998fa1a613d7a829091e12d142bb668905c8f68d8103416c7197856efb0c72fa835b8e254b5
  languageName: node
  linkType: hard

"randombytes@npm:^2.1.0":
  version: 2.1.0
  resolution: "randombytes@npm:2.1.0"
  dependencies:
    safe-buffer: "npm:^5.1.0"
  checksum: 4efd1ad3d88db77c2d16588dc54c2b52fd2461e70fe5724611f38d283857094fe09040fa2c9776366803c3152cf133171b452ef717592b65631ce5dc3a2bdafc
  languageName: node
  linkType: hard

"remove-trailing-separator@npm:^1.1.0":
  version: 1.1.0
  resolution: "remove-trailing-separator@npm:1.1.0"
  checksum: d3c20b5a2d987db13e1cca9385d56ecfa1641bae143b620835ac02a6b70ab88f68f117a0021838db826c57b31373d609d52e4f31aca75fc490c862732d595419
  languageName: node
  linkType: hard

"replace-ext@npm:^2.0.0":
  version: 2.0.0
  resolution: "replace-ext@npm:2.0.0"
  checksum: ed640ac90d24cce4be977642847d138908d430049cc097633be33b072143515cc7d29699675a0c35f6dc3c3c73cb529ed352d59649cf15931740eb31ae083c1e
  languageName: node
  linkType: hard

"safe-buffer@npm:^5.1.0":
  version: 5.2.1
  resolution: "safe-buffer@npm:5.2.1"
  checksum: 32872cd0ff68a3ddade7a7617b8f4c2ae8764d8b7d884c651b74457967a9e0e886267d3ecc781220629c44a865167b61c375d2da6c720c840ecd73f45d5d9451
  languageName: node
  linkType: hard

"schema-utils@npm:^3.1.1":
  version: 3.1.1
  resolution: "schema-utils@npm:3.1.1"
  dependencies:
    "@types/json-schema": "npm:^7.0.8"
    ajv: "npm:^6.12.5"
    ajv-keywords: "npm:^3.5.2"
  checksum: cfcf991f108797719d8054281272cf508543d6e092e273129fca84d569baafa5344bc23ec98cf2274943f6ed69851ced4fd0ae24471601f3f4d69c00fac47be6
  languageName: node
  linkType: hard

"schema-utils@npm:^3.2.0":
  version: 3.3.0
  resolution: "schema-utils@npm:3.3.0"
  dependencies:
    "@types/json-schema": "npm:^7.0.8"
    ajv: "npm:^6.12.5"
    ajv-keywords: "npm:^3.5.2"
  checksum: 2c7bbb1da967fdfd320e6cea538949006ec6e8c13ea560a4f94ff2c56809a8486fa5ec419e023452501a6befe1ca381e409c2798c24f4993c7c4094d97fdb258
  languageName: node
  linkType: hard

"serialize-javascript@npm:^6.0.1":
  version: 6.0.1
  resolution: "serialize-javascript@npm:6.0.1"
  dependencies:
    randombytes: "npm:^2.1.0"
  checksum: f756b1ff34b655b2183c64dd6683d28d4d9b9a80284b264cac9fd421c73890491eafd6c5c2bbe93f1f21bf78b572037c5a18d24b044c317ee1c9dc44d22db94c
  languageName: node
  linkType: hard

"source-map-support@npm:~0.5.20":
  version: 0.5.20
  resolution: "source-map-support@npm:0.5.20"
  dependencies:
    buffer-from: "npm:^1.0.0"
    source-map: "npm:^0.6.0"
  checksum: 7290c7c227e11e488ee1a33cfd07b7ca5ca4136a5c093baf441b0ccec5f3c8ab16d19f4a816c98c0ea7fa64617d9f9ae4d9cd375822592b768266c20c7221ab2
  languageName: node
  linkType: hard

"source-map@npm:^0.6.0":
  version: 0.6.1
  resolution: "source-map@npm:0.6.1"
  checksum: 59ef7462f1c29d502b3057e822cdbdae0b0e565302c4dd1a95e11e793d8d9d62006cdc10e0fd99163ca33ff2071360cf50ee13f90440806e7ed57d81cba2f7ff
  languageName: node
  linkType: hard

"streamx@npm:^2.12.5":
  version: 2.13.2
  resolution: "streamx@npm:2.13.2"
  dependencies:
    fast-fifo: "npm:^1.1.0"
    queue-tick: "npm:^1.0.1"
  checksum: 331619b9fc0e569edeab6065a7f7a8614f1e1a35a6972387bdc1bf2c1ac53d601754613f6d757b64966392e6761f62eac9f70ac8841acac47c7635ff9a4f375c
  languageName: node
  linkType: hard

"supports-color@npm:^8.0.0":
  version: 8.1.1
  resolution: "supports-color@npm:8.1.1"
  dependencies:
    has-flag: "npm:^4.0.0"
  checksum: 157b534df88e39c5518c5e78c35580c1eca848d7dbaf31bbe06cdfc048e22c7ff1a9d046ae17b25691128f631a51d9ec373c1b740c12ae4f0de6e292037e4282
  languageName: node
  linkType: hard

"tapable@npm:^2.1.1, tapable@npm:^2.2.0":
  version: 2.2.1
  resolution: "tapable@npm:2.2.1"
  checksum: 1769336dd21481ae6347611ca5fca47add0962fd8e80466515032125eca0084a4f0ede11e65341b9c0018ef4e1cf1ad820adbb0fba7cc99865c6005734000b0a
  languageName: node
  linkType: hard

"teex@npm:^1.0.1":
  version: 1.0.1
  resolution: "teex@npm:1.0.1"
  dependencies:
    streamx: "npm:^2.12.5"
  checksum: 36bf7ce8bb5eb428ad7b14b695ee7fb0a02f09c1a9d8181cc42531208543a920b299d711bf78dad4ff9bcf36ac437ae8e138053734746076e3e0e7d6d76eef64
  languageName: node
  linkType: hard

"terser-webpack-plugin@npm:^5.3.7":
  version: 5.3.9
  resolution: "terser-webpack-plugin@npm:5.3.9"
  dependencies:
    "@jridgewell/trace-mapping": "npm:^0.3.17"
    jest-worker: "npm:^27.4.5"
    schema-utils: "npm:^3.1.1"
    serialize-javascript: "npm:^6.0.1"
    terser: "npm:^5.16.8"
  peerDependencies:
    webpack: ^5.1.0
  peerDependenciesMeta:
    "@swc/core":
      optional: true
    esbuild:
      optional: true
    uglify-js:
      optional: true
  checksum: 339737a407e034b7a9d4a66e31d84d81c10433e41b8eae2ca776f0e47c2048879be482a9aa08e8c27565a2a949bc68f6e07f451bf4d9aa347dd61b3d000f5353
  languageName: node
  linkType: hard

"terser@npm:^5.16.8":
  version: 5.17.6
  resolution: "terser@npm:5.17.6"
  dependencies:
    "@jridgewell/source-map": "npm:^0.3.2"
    acorn: "npm:^8.5.0"
    commander: "npm:^2.20.0"
    source-map-support: "npm:~0.5.20"
  bin:
    terser: bin/terser
  checksum: ab02715f658dcfa6657e6c96def1574f80277335bdc14a97b15f395e48e61f6d5b570f9db4c74a03e7e53c5b09db4b3f9c06f03953e4c1872a31b7f95d559073
  languageName: node
  linkType: hard

"uri-js@npm:^4.2.2":
  version: 4.4.1
  resolution: "uri-js@npm:4.4.1"
  dependencies:
    punycode: "npm:^2.1.0"
  checksum: b271ca7e3d46b7160222e3afa3e531505161c9a4e097febae9664e4b59912f4cbe94861361a4175edac3a03fee99d91e44b6a58c17a634bc5a664b19fc76fbcb
  languageName: node
  linkType: hard

"vinyl@npm:^3.0.0":
  version: 3.0.0
  resolution: "vinyl@npm:3.0.0"
  dependencies:
    clone: "npm:^2.1.2"
    clone-stats: "npm:^1.0.0"
    remove-trailing-separator: "npm:^1.1.0"
    replace-ext: "npm:^2.0.0"
    teex: "npm:^1.0.1"
  checksum: 3371947a92c4b65c7adb944b22586480ffc723ec62347d09b64e593193cb523ce5f472d52549f0e0bbfa82db6c320cae46739461594b0602bba0419d0d7800fb
  languageName: node
  linkType: hard

"watchpack@npm:^2.4.0":
  version: 2.4.0
  resolution: "watchpack@npm:2.4.0"
  dependencies:
    glob-to-regexp: "npm:^0.4.1"
    graceful-fs: "npm:^4.1.2"
  checksum: 4280b45bc4b5d45d5579113f2a4af93b67ae1b9607cc3d86ae41cdd53ead10db5d9dc3237f24256d05ef88b28c69a02712f78e434cb7ecc8edaca134a56e8cab
  languageName: node
  linkType: hard

"webpack-sources@npm:^3.2.3":
  version: 3.2.3
  resolution: "webpack-sources@npm:3.2.3"
  checksum: a661f41795d678b7526ae8a88cd1b3d8ce71a7d19b6503da8149b2e667fc7a12f9b899041c1665d39e38245ed3a59ab68de648ea31040c3829aa695a5a45211d
  languageName: node
  linkType: hard

"webpack@npm:^5.83.1":
  version: 5.88.2
  resolution: "webpack@npm:5.88.2"
  dependencies:
    "@types/eslint-scope": "npm:^3.7.3"
    "@types/estree": "npm:^1.0.0"
    "@webassemblyjs/ast": "npm:^1.11.5"
    "@webassemblyjs/wasm-edit": "npm:^1.11.5"
    "@webassemblyjs/wasm-parser": "npm:^1.11.5"
    acorn: "npm:^8.7.1"
    acorn-import-assertions: "npm:^1.9.0"
    browserslist: "npm:^4.14.5"
    chrome-trace-event: "npm:^1.0.2"
    enhanced-resolve: "npm:^5.15.0"
    es-module-lexer: "npm:^1.2.1"
    eslint-scope: "npm:5.1.1"
    events: "npm:^3.2.0"
    glob-to-regexp: "npm:^0.4.1"
    graceful-fs: "npm:^4.2.9"
    json-parse-even-better-errors: "npm:^2.3.1"
    loader-runner: "npm:^4.2.0"
    mime-types: "npm:^2.1.27"
    neo-async: "npm:^2.6.2"
    schema-utils: "npm:^3.2.0"
    tapable: "npm:^2.1.1"
    terser-webpack-plugin: "npm:^5.3.7"
    watchpack: "npm:^2.4.0"
    webpack-sources: "npm:^3.2.3"
  peerDependenciesMeta:
    webpack-cli:
      optional: true
  bin:
    webpack: bin/webpack.js
  checksum: 2b26158f091df1d97b85ed8b9c374c673ee91de41e13579a3d5abb76f48fda0e2fe592541e58a96e2630d5bce18d885ce605f6ae767d7e0bc2b5ce3b700a51f0
  languageName: node
  linkType: hard
